
Microsoft Visual Studio Solution File, Format Version 12.00
# Visual Studio Version 16
VisualStudioVersion = 16.0.31321.278
MinimumVisualStudioVersion = 10.0.40219.1
Project("{FAE04EC0-301F-11D3-BF4B-00C04F79EFBC}") = "Quanlinhahangggg", "Quanlinhahangggg\Quanlinhahangggg.csproj", "{658B54E4-3627-4784-9250-DAE4104026DE}"
EndProject
Project("{FAE04EC0-301F-11D3-BF4B-00C04F79EFBC}") = "Quanlinhahangggg.Tests", "Quanlinhahangggg.Tests\Quanlinhahangggg.Tests.csproj", "{7A4288E5-8714-4927-BB33-042C5747016D}"
EndProject
Global
	GlobalSection(SolutionConfigurationPlatforms) = preSolution
		Debug|Any CPU = Debug|Any CPU
		Release|Any CPU = Release|Any CPU
	EndGlobalSection
	GlobalSection(ProjectConfigurationPlatforms) = postSolution
		{658B54E4-3627-4784-9250-DAE4104026DE}.Debug|Any CPU.ActiveCfg = Debug|Any CPU
		{658B54E4-3627-4784-9250-DAE4104026DE}.Debug|Any CPU.Build.0 = Debug|Any CPU
		{658B54E4-3627-4784-9250-DAE4104026DE}.Release|Any CPU.ActiveCfg = Release|Any CPU
		{658B54E4-3627-4784-9250-DAE4104026DE}.Release|Any CPU.Build.0 = Release|Any CPU
		{7A4288E5-8714-4927-BB33-042C5747016D}.Debug|Any CPU.ActiveCfg = Debug|Any CPU
		{7A4288E5-8714-4927-BB33-042C5747016D}.Debug|Any CPU.Build.0 = Debug|Any CPU
		{7A4288E5-8714-4927-BB33-042C5747016D}.Release|Any CPU.ActiveCfg = Release|Any CPU
		{7A4288E5-8714-4927-BB33-042C5747016D}.Release|Any CPU.Build.0 = Release|Any CPU
	EndGlobalSection
	GlobalSection(SolutionProperties) = preSolution
		HideSolutionNode = FALSE
	EndGlobalSection
	GlobalSection(ExtensibilityGlobals) = postSolution
		SolutionGuid = {90543B76-7235-4D1C-8382-5A605A45C228}
	EndGlobalSection
EndGlobal
